
Microsoft Visual Studio Solution File, Format Version 12.00
# Visual Studio 15
VisualStudioVersion = 15.0.27428.2043
MinimumVisualStudioVersion = 10.0.40219.1
Project("{FAE04EC0-301F-11D3-BF4B-00C04F79EFBC}") = "pRe-pRo", "pRe-pRo\pRe-pRo.csproj", "{CEF6A9F4-C2A4-4EB5-9AA8-292F2BD0EF18}"
EndProject
Global
	GlobalSection(SolutionConfigurationPlatforms) = preSolution
		Debug|Any CPU = Debug|Any CPU
		Release|Any CPU = Release|Any CPU
	EndGlobalSection
	GlobalSection(ProjectConfigurationPlatforms) = postSolution
		{CEF6A9F4-C2A4-4EB5-9AA8-292F2BD0EF18}.Debug|Any CPU.ActiveCfg = Debug|Any CPU
		{CEF6A9F4-C2A4-4EB5-9AA8-292F2BD0EF18}.Debug|Any CPU.Build.0 = Debug|Any CPU
		{CEF6A9F4-C2A4-4EB5-9AA8-292F2BD0EF18}.Release|Any CPU.ActiveCfg = Release|Any CPU
		{CEF6A9F4-C2A4-4EB5-9AA8-292F2BD0EF18}.Release|Any CPU.Build.0 = Release|Any CPU
	EndGlobalSection
	GlobalSection(SolutionProperties) = preSolution
		HideSolutionNode = FALSE
	EndGlobalSection
	GlobalSection(ExtensibilityGlobals) = postSolution
		SolutionGuid = {F98A9FED-7723-46EE-91D3-5BA9C714D883}
	EndGlobalSection
EndGlobal
